
Microsoft Visual Studio Solution File, Format Version 12.00
# Visual Studio Version 17
VisualStudioVersion = 17.11.35327.3
MinimumVisualStudioVersion = 10.0.40219.1
Project("{9A19103F-16F7-4668-BE54-9A1E7A4F7556}") = "Calculator", "Calculator\Calculator.csproj", "{852334B3-CB34-4D3A-A3E6-E805136E340C}"
EndProject
Project("{FAE04EC0-301F-11D3-BF4B-00C04F79EFBC}") = "TestBerechnung", "TestBerechnung\TestBerechnung.csproj", "{2431358E-2AF3-46EC-8836-56F71EE26E2C}"
EndProject
Global
	GlobalSection(SolutionConfigurationPlatforms) = preSolution
		Debug|Any CPU = Debug|Any CPU
		Release|Any CPU = Release|Any CPU
	EndGlobalSection
	GlobalSection(ProjectConfigurationPlatforms) = postSolution
		{852334B3-CB34-4D3A-A3E6-E805136E340C}.Debug|Any CPU.ActiveCfg = Debug|Any CPU
		{852334B3-CB34-4D3A-A3E6-E805136E340C}.Debug|Any CPU.Build.0 = Debug|Any CPU
		{852334B3-CB34-4D3A-A3E6-E805136E340C}.Release|Any CPU.ActiveCfg = Release|Any CPU
		{852334B3-CB34-4D3A-A3E6-E805136E340C}.Release|Any CPU.Build.0 = Release|Any CPU
		{2431358E-2AF3-46EC-8836-56F71EE26E2C}.Debug|Any CPU.ActiveCfg = Debug|Any CPU
		{2431358E-2AF3-46EC-8836-56F71EE26E2C}.Debug|Any CPU.Build.0 = Debug|Any CPU
		{2431358E-2AF3-46EC-8836-56F71EE26E2C}.Release|Any CPU.ActiveCfg = Release|Any CPU
		{2431358E-2AF3-46EC-8836-56F71EE26E2C}.Release|Any CPU.Build.0 = Release|Any CPU
	EndGlobalSection
	GlobalSection(SolutionProperties) = preSolution
		HideSolutionNode = FALSE
	EndGlobalSection
	GlobalSection(ExtensibilityGlobals) = postSolution
		SolutionGuid = {E1046143-3B3D-42D6-A939-E7ABB0D115AA}
	EndGlobalSection
EndGlobal
